
Microsoft Visual Studio Solution File, Format Version 12.00
# Visual Studio Version 17
VisualStudioVersion = 17.6.33829.357
MinimumVisualStudioVersion = 10.0.40219.1
Project("{FAE04EC0-301F-11D3-BF4B-00C04F79EFBC}") = "ExercicioFixacao", "ExercicioFixacao\ExercicioFixacao.csproj", "{CFDF2FF7-3EF4-4956-B56E-F0B09D15E4A4}"
EndProject
Global
	GlobalSection(SolutionConfigurationPlatforms) = preSolution
		Debug|Any CPU = Debug|Any CPU
		Release|Any CPU = Release|Any CPU
	EndGlobalSection
	GlobalSection(ProjectConfigurationPlatforms) = postSolution
		{CFDF2FF7-3EF4-4956-B56E-F0B09D15E4A4}.Debug|Any CPU.ActiveCfg = Debug|Any CPU
		{CFDF2FF7-3EF4-4956-B56E-F0B09D15E4A4}.Debug|Any CPU.Build.0 = Debug|Any CPU
		{CFDF2FF7-3EF4-4956-B56E-F0B09D15E4A4}.Release|Any CPU.ActiveCfg = Release|Any CPU
		{CFDF2FF7-3EF4-4956-B56E-F0B09D15E4A4}.Release|Any CPU.Build.0 = Release|Any CPU
	EndGlobalSection
	GlobalSection(SolutionProperties) = preSolution
		HideSolutionNode = FALSE
	EndGlobalSection
	GlobalSection(ExtensibilityGlobals) = postSolution
		SolutionGuid = {F8B4273F-946D-4760-8534-B828060CE9E1}
	EndGlobalSection
EndGlobal
